
Microsoft Visual Studio Solution File, Format Version 12.00
# Visual Studio 15
VisualStudioVersion = 15.0.28010.2036
MinimumVisualStudioVersion = 10.0.40219.1
Project("{FAE04EC0-301F-11D3-BF4B-00C04F79EFBC}") = "TestWebApp", "TestWebApp\TestWebApp.csproj", "{0B1290F0-BF7B-4C99-945A-74DD2108C0AD}"
EndProject
Global
	GlobalSection(SolutionConfigurationPlatforms) = preSolution
		Debug|Any CPU = Debug|Any CPU
		Release|Any CPU = Release|Any CPU
	EndGlobalSection
	GlobalSection(ProjectConfigurationPlatforms) = postSolution
		{0B1290F0-BF7B-4C99-945A-74DD2108C0AD}.Debug|Any CPU.ActiveCfg = Debug|Any CPU
		{0B1290F0-BF7B-4C99-945A-74DD2108C0AD}.Debug|Any CPU.Build.0 = Debug|Any CPU
		{0B1290F0-BF7B-4C99-945A-74DD2108C0AD}.Release|Any CPU.ActiveCfg = Release|Any CPU
		{0B1290F0-BF7B-4C99-945A-74DD2108C0AD}.Release|Any CPU.Build.0 = Release|Any CPU
	EndGlobalSection
	GlobalSection(SolutionProperties) = preSolution
		HideSolutionNode = FALSE
	EndGlobalSection
	GlobalSection(ExtensibilityGlobals) = postSolution
		SolutionGuid = {3B6D447C-1AEB-4C58-AAE5-FCC3CD41B4BE}
	EndGlobalSection
EndGlobal
